// !$*UTF8*$!
{
	archiveVersion = 1;
	classes = {
	};
	objectVersion = 50;
	objects = {

/* Begin PBXBuildFile section */
		0804CAC2B2C028146165A351 /* Pods_FlixTests.framework in Frameworks */ = {isa = PBXBuildFile; fileRef = 988C322F131031B8E1D2CD78 /* Pods_FlixTests.framework */; };
		4E949316A163F6F2FEBB89C2 /* Pods_Flix.framework in Frameworks */ = {isa = PBXBuildFile; fileRef = 444FC03F15FA978535A28267 /* Pods_Flix.framework */; };
		69B3A61E211F6ED13CF16F68 /* Pods_Flix_FlixUITests.framework in Frameworks */ = {isa = PBXBuildFile; fileRef = 4B2DFD936B5C4A80582892E2 /* Pods_Flix_FlixUITests.framework */; };
		F6A5B29723E29DAE00A3AEAF /* AppDelegate.swift in Sources */ = {isa = PBXBuildFile; fileRef = F6A5B29623E29DAE00A3AEAF /* AppDelegate.swift */; };
		F6A5B29923E29DAE00A3AEAF /* SceneDelegate.swift in Sources */ = {isa = PBXBuildFile; fileRef = F6A5B29823E29DAE00A3AEAF /* SceneDelegate.swift */; };
		F6A5B29E23E29DAE00A3AEAF /* Main.storyboard in Resources */ = {isa = PBXBuildFile; fileRef = F6A5B29C23E29DAE00A3AEAF /* Main.storyboard */; };
		F6A5B2A023E29DB300A3AEAF /* Assets.xcassets in Resources */ = {isa = PBXBuildFile; fileRef = F6A5B29F23E29DB300A3AEAF /* Assets.xcassets */; };
		F6A5B2A323E29DB300A3AEAF /* LaunchScreen.storyboard in Resources */ = {isa = PBXBuildFile; fileRef = F6A5B2A123E29DB300A3AEAF /* LaunchScreen.storyboard */; };
		F6A5B2AE23E29DB300A3AEAF /* FlixTests.swift in Sources */ = {isa = PBXBuildFile; fileRef = F6A5B2AD23E29DB300A3AEAF /* FlixTests.swift */; };
		F6A5B2B923E29DB300A3AEAF /* FlixUITests.swift in Sources */ = {isa = PBXBuildFile; fileRef = F6A5B2B823E29DB300A3AEAF /* FlixUITests.swift */; };
		F6A5B2C723E3BCCC00A3AEAF /* MoviesViewController.swift in Sources */ = {isa = PBXBuildFile; fileRef = F6A5B2C623E3BCCC00A3AEAF /* MoviesViewController.swift */; };
		F6A5B2CB23E3D3E600A3AEAF /* MovieCell.swift in Sources */ = {isa = PBXBuildFile; fileRef = F6A5B2CA23E3D3E600A3AEAF /* MovieCell.swift */; };
/* End PBXBuildFile section */

/* Begin PBXContainerItemProxy section */
		F6A5B2AA23E29DB300A3AEAF /* PBXContainerItemProxy */ = {
			isa = PBXContainerItemProxy;
			containerPortal = F6A5B28B23E29DAE00A3AEAF /* Project object */;
			proxyType = 1;
			remoteGlobalIDString = F6A5B29223E29DAE00A3AEAF;
			remoteInfo = Flix;
		};
		F6A5B2B523E29DB300A3AEAF /* PBXContainerItemProxy */ = {
			isa = PBXContainerItemProxy;
			containerPortal = F6A5B28B23E29DAE00A3AEAF /* Project object */;
			proxyType = 1;
			remoteGlobalIDString = F6A5B29223E29DAE00A3AEAF;
			remoteInfo = Flix;
		};
/* End PBXContainerItemProxy section */

/* Begin PBXFileReference section */
		2FEA02C0C6E97CA39EE04F16 /* Pods-Flix-FlixUITests.release.xcconfig */ = {isa = PBXFileReference; includeInIndex = 1; lastKnownFileType = text.xcconfig; name = "Pods-Flix-FlixUITests.release.xcconfig"; path = "Target Support Files/Pods-Flix-FlixUITests/Pods-Flix-FlixUITests.release.xcconfig"; sourceTree = "<group>"; };
		32D964A67CB9420E042E8E88 /* Pods-Flix.release.xcconfig */ = {isa = PBXFileReference; includeInIndex = 1; lastKnownFileType = text.xcconfig; name = "Pods-Flix.release.xcconfig"; path = "Target Support Files/Pods-Flix/Pods-Flix.release.xcconfig"; sourceTree = "<group>"; };
		444FC03F15FA978535A28267 /* Pods_Flix.framework */ = {isa = PBXFileReference; explicitFileType = wrapper.framework; includeInIndex = 0; path = Pods_Flix.framework; sourceTree = BUILT_PRODUCTS_DIR; };
		4B2DFD936B5C4A80582892E2 /* Pods_Flix_FlixUITests.framework */ = {isa = PBXFileReference; explicitFileType = wrapper.framework; includeInIndex = 0; path = Pods_Flix_FlixUITests.framework; sourceTree = BUILT_PRODUCTS_DIR; };
		63DBB795104C36FDAC57216F /* Pods-Flix.debug.xcconfig */ = {isa = PBXFileReference; includeInIndex = 1; lastKnownFileType = text.xcconfig; name = "Pods-Flix.debug.xcconfig"; path = "Target Support Files/Pods-Flix/Pods-Flix.debug.xcconfig"; sourceTree = "<group>"; };
		69D93D999BDAFA5108D0BBB9 /* Pods-FlixTests.debug.xcconfig */ = {isa = PBXFileReference; includeInIndex = 1; lastKnownFileType = text.xcconfig; name = "Pods-FlixTests.debug.xcconfig"; path = "Target Support Files/Pods-FlixTests/Pods-FlixTests.debug.xcconfig"; sourceTree = "<group>"; };
		988C322F131031B8E1D2CD78 /* Pods_FlixTests.framework */ = {isa = PBXFileReference; explicitFileType = wrapper.framework; includeInIndex = 0; path = Pods_FlixTests.framework; sourceTree = BUILT_PRODUCTS_DIR; };
		C74AF34EB635B90A1E42BF4B /* Pods-Flix-FlixUITests.debug.xcconfig */ = {isa = PBXFileReference; includeInIndex = 1; lastKnownFileType = text.xcconfig; name = "Pods-Flix-FlixUITests.debug.xcconfig"; path = "Target Support Files/Pods-Flix-FlixUITests/Pods-Flix-FlixUITests.debug.xcconfig"; sourceTree = "<group>"; };
		F0B2293E4BA7B49DE447BF70 /* Pods-FlixTests.release.xcconfig */ = {isa = PBXFileReference; includeInIndex = 1; lastKnownFileType = text.xcconfig; name = "Pods-FlixTests.release.xcconfig"; path = "Target Support Files/Pods-FlixTests/Pods-FlixTests.release.xcconfig"; sourceTree = "<group>"; };
		F6A5B29323E29DAE00A3AEAF /* Flix.app */ = {isa = PBXFileReference; explicitFileType = wrapper.application; includeInIndex = 0; path = Flix.app; sourceTree = BUILT_PRODUCTS_DIR; };
		F6A5B29623E29DAE00A3AEAF /* AppDelegate.swift */ = {isa = PBXFileReference; lastKnownFileType = sourcecode.swift; path = AppDelegate.swift; sourceTree = "<group>"; };
		F6A5B29823E29DAE00A3AEAF /* SceneDelegate.swift */ = {isa = PBXFileReference; lastKnownFileType = sourcecode.swift; path = SceneDelegate.swift; sourceTree = "<group>"; };
		F6A5B29D23E29DAE00A3AEAF /* Base */ = {isa = PBXFileReference; lastKnownFileType = file.storyboard; name = Base; path = Base.lproj/Main.storyboard; sourceTree = "<group>"; };
		F6A5B29F23E29DB300A3AEAF /* Assets.xcassets */ = {isa = PBXFileReference; lastKnownFileType = folder.assetcatalog; path = Assets.xcassets; sourceTree = "<group>"; };
		F6A5B2A223E29DB300A3AEAF /* Base */ = {isa = PBXFileReference; lastKnownFileType = file.storyboard; name = Base; path = Base.lproj/LaunchScreen.storyboard; sourceTree = "<group>"; };
		F6A5B2A423E29DB300A3AEAF /* Info.plist */ = {isa = PBXFileReference; lastKnownFileType = text.plist.xml; path = Info.plist; sourceTree = "<group>"; };
		F6A5B2A923E29DB300A3AEAF /* FlixTests.xctest */ = {isa = PBXFileReference; explicitFileType = wrapper.cfbundle; includeInIndex = 0; path = FlixTests.xctest; sourceTree = BUILT_PRODUCTS_DIR; };
		F6A5B2AD23E29DB300A3AEAF /* FlixTests.swift */ = {isa = PBXFileReference; lastKnownFileType = sourcecode.swift; path = FlixTests.swift; sourceTree = "<group>"; };
		F6A5B2AF23E29DB300A3AEAF /* Info.plist */ = {isa = PBXFileReference; lastKnownFileType = text.plist.xml; path = Info.plist; sourceTree = "<group>"; };
		F6A5B2B423E29DB300A3AEAF /* FlixUITests.xctest */ = {isa = PBXFileReference; explicitFileType = wrapper.cfbundle; includeInIndex = 0; path = FlixUITests.xctest; sourceTree = BUILT_PRODUCTS_DIR; };
		F6A5B2B823E29DB300A3AEAF /* FlixUITests.swift */ = {isa = PBXFileReference; lastKnownFileType = sourcecode.swift; path = FlixUITests.swift; sourceTree = "<group>"; };
		F6A5B2BA23E29DB300A3AEAF /* Info.plist */ = {isa = PBXFileReference; lastKnownFileType = text.plist.xml; path = Info.plist; sourceTree = "<group>"; };
		F6A5B2C623E3BCCC00A3AEAF /* MoviesViewController.swift */ = {isa = PBXFileReference; lastKnownFileType = sourcecode.swift; path = MoviesViewController.swift; sourceTree = "<group>"; };
		F6A5B2CA23E3D3E600A3AEAF /* MovieCell.swift */ = {isa = PBXFileReference; lastKnownFileType = sourcecode.swift; path = MovieCell.swift; sourceTree = "<group>"; };
/* End PBXFileReference section */

/* Begin PBXFrameworksBuildPhase section */
		F6A5B29023E29DAE00A3AEAF /* Frameworks */ = {
			isa = PBXFrameworksBuildPhase;
			buildActionMask = 2147483647;
			files = (
				4E949316A163F6F2FEBB89C2 /* Pods_Flix.framework in Frameworks */,
			);
			runOnlyForDeploymentPostprocessing = 0;
		};
		F6A5B2A623E29DB300A3AEAF /* Frameworks */ = {
			isa = PBXFrameworksBuildPhase;
			buildActionMask = 2147483647;
			files = (
				0804CAC2B2C028146165A351 /* Pods_FlixTests.framework in Frameworks */,
			);
			runOnlyForDeploymentPostprocessing = 0;
		};
		F6A5B2B123E29DB300A3AEAF /* Frameworks */ = {
			isa = PBXFrameworksBuildPhase;
			buildActionMask = 2147483647;
			files = (
				69B3A61E211F6ED13CF16F68 /* Pods_Flix_FlixUITests.framework in Frameworks */,
			);
			runOnlyForDeploymentPostprocessing = 0;
		};
/* End PBXFrameworksBuildPhase section */

/* Begin PBXGroup section */
		5C9B2FB217E08BD96B728F1D /* Frameworks */ = {
			isa = PBXGroup;
			children = (
				444FC03F15FA978535A28267 /* Pods_Flix.framework */,
				4B2DFD936B5C4A80582892E2 /* Pods_Flix_FlixUITests.framework */,
				988C322F131031B8E1D2CD78 /* Pods_FlixTests.framework */,
			);
			name = Frameworks;
			sourceTree = "<group>";
		};
		EF37E75F4EAED486D26C98F9 /* Pods */ = {
			isa = PBXGroup;
			children = (
				63DBB795104C36FDAC57216F /* Pods-Flix.debug.xcconfig */,
				32D964A67CB9420E042E8E88 /* Pods-Flix.release.xcconfig */,
				C74AF34EB635B90A1E42BF4B /* Pods-Flix-FlixUITests.debug.xcconfig */,
				2FEA02C0C6E97CA39EE04F16 /* Pods-Flix-FlixUITests.release.xcconfig */,
				69D93D999BDAFA5108D0BBB9 /* Pods-FlixTests.debug.xcconfig */,
				F0B2293E4BA7B49DE447BF70 /* Pods-FlixTests.release.xcconfig */,
			);
			name = Pods;
			path = Pods;
			sourceTree = "<group>";
		};
		F6A5B28A23E29DAE00A3AEAF = {
			isa = PBXGroup;
			children = (
				F6A5B29523E29DAE00A3AEAF /* Flix */,
				F6A5B2AC23E29DB300A3AEAF /* FlixTests */,
				F6A5B2B723E29DB300A3AEAF /* FlixUITests */,
				F6A5B29423E29DAE00A3AEAF /* Products */,
				EF37E75F4EAED486D26C98F9 /* Pods */,
				5C9B2FB217E08BD96B728F1D /* Frameworks */,
			);
			sourceTree = "<group>";
		};
		F6A5B29423E29DAE00A3AEAF /* Products */ = {
			isa = PBXGroup;
			children = (
				F6A5B29323E29DAE00A3AEAF /* Flix.app */,
				F6A5B2A923E29DB300A3AEAF /* FlixTests.xctest */,
				F6A5B2B423E29DB300A3AEAF /* FlixUITests.xctest */,
			);
			name = Products;
			sourceTree = "<group>";
		};
		F6A5B29523E29DAE00A3AEAF /* Flix */ = {
			isa = PBXGroup;
			children = (
				F6A5B29623E29DAE00A3AEAF /* AppDelegate.swift */,
				F6A5B2CA23E3D3E600A3AEAF /* MovieCell.swift */,
				F6A5B2C623E3BCCC00A3AEAF /* MoviesViewController.swift */,
				F6A5B29823E29DAE00A3AEAF /* SceneDelegate.swift */,
				F6A5B29C23E29DAE00A3AEAF /* Main.storyboard */,
				F6A5B29F23E29DB300A3AEAF /* Assets.xcassets */,
				F6A5B2A123E29DB300A3AEAF /* LaunchScreen.storyboard */,
				F6A5B2A423E29DB300A3AEAF /* Info.plist */,
			);
			path = Flix;
			sourceTree = "<group>";
		};
		F6A5B2AC23E29DB300A3AEAF /* FlixTests */ = {
			isa = PBXGroup;
			children = (
				F6A5B2AD23E29DB300A3AEAF /* FlixTests.swift */,
				F6A5B2AF23E29DB300A3AEAF /* Info.plist */,
			);
			path = FlixTests;
			sourceTree = "<group>";
		};
		F6A5B2B723E29DB300A3AEAF /* FlixUITests */ = {
			isa = PBXGroup;
			children = (
				F6A5B2B823E29DB300A3AEAF /* FlixUITests.swift */,
				F6A5B2BA23E29DB300A3AEAF /* Info.plist */,
			);
			path = FlixUITests;
			sourceTree = "<group>";
		};
/* End PBXGroup section */

/* Begin PBXNativeTarget section */
		F6A5B29223E29DAE00A3AEAF /* Flix */ = {
			isa = PBXNativeTarget;
			buildConfigurationList = F6A5B2BD23E29DB300A3AEAF /* Build configuration list for PBXNativeTarget "Flix" */;
			buildPhases = (
				177FE4A8A31C601056B30AC5 /* [CP] Check Pods Manifest.lock */,
				F6A5B28F23E29DAE00A3AEAF /* Sources */,
				F6A5B29023E29DAE00A3AEAF /* Frameworks */,
				F6A5B29123E29DAE00A3AEAF /* Resources */,
				F579A3588834DC4F2A9E320B /* [CP] Embed Pods Frameworks */,
			);
			buildRules = (
			);
			dependencies = (
			);
			name = Flix;
			productName = Flix;
			productReference = F6A5B29323E29DAE00A3AEAF /* Flix.app */;
			productType = "com.apple.product-type.application";
		};
		F6A5B2A823E29DB300A3AEAF /* FlixTests */ = {
			isa = PBXNativeTarget;
			buildConfigurationList = F6A5B2C023E29DB300A3AEAF /* Build configuration list for PBXNativeTarget "FlixTests" */;
			buildPhases = (
				17BC5BAA89576D306AAE1DF8 /* [CP] Check Pods Manifest.lock */,
				F6A5B2A523E29DB300A3AEAF /* Sources */,
				F6A5B2A623E29DB300A3AEAF /* Frameworks */,
				F6A5B2A723E29DB300A3AEAF /* Resources */,
			);
			buildRules = (
			);
			dependencies = (
				F6A5B2AB23E29DB300A3AEAF /* PBXTargetDependency */,
			);
			name = FlixTests;
			productName = FlixTests;
			productReference = F6A5B2A923E29DB300A3AEAF /* FlixTests.xctest */;
			productType = "com.apple.product-type.bundle.unit-test";
		};
		F6A5B2B323E29DB300A3AEAF /* FlixUITests */ = {
			isa = PBXNativeTarget;
			buildConfigurationList = F6A5B2C323E29DB300A3AEAF /* Build configuration list for PBXNativeTarget "FlixUITests" */;
			buildPhases = (
				8A857487AA6F8B0F20294BE1 /* [CP] Check Pods Manifest.lock */,
				F6A5B2B023E29DB300A3AEAF /* Sources */,
				F6A5B2B123E29DB300A3AEAF /* Frameworks */,
				F6A5B2B223E29DB300A3AEAF /* Resources */,
				A827717D43109426D1D9AE51 /* [CP] Embed Pods Frameworks */,
			);
			buildRules = (
			);
			dependencies = (
				F6A5B2B623E29DB300A3AEAF /* PBXTargetDependency */,
			);
			name = FlixUITests;
			productName = FlixUITests;
			productReference = F6A5B2B423E29DB300A3AEAF /* FlixUITests.xctest */;
			productType = "com.apple.product-type.bundle.ui-testing";
		};
/* End PBXNativeTarget section */

/* Begin PBXProject section */
		F6A5B28B23E29DAE00A3AEAF /* Project object */ = {
			isa = PBXProject;
			attributes = {
				LastSwiftUpdateCheck = 1130;
				LastUpgradeCheck = 1130;
				ORGANIZATIONNAME = "Ervin Del Cid";
				TargetAttributes = {
					F6A5B29223E29DAE00A3AEAF = {
						CreatedOnToolsVersion = 11.3.1;
					};
					F6A5B2A823E29DB300A3AEAF = {
						CreatedOnToolsVersion = 11.3.1;
						TestTargetID = F6A5B29223E29DAE00A3AEAF;
					};
					F6A5B2B323E29DB300A3AEAF = {
						CreatedOnToolsVersion = 11.3.1;
						TestTargetID = F6A5B29223E29DAE00A3AEAF;
					};
				};
			};
			buildConfigurationList = F6A5B28E23E29DAE00A3AEAF /* Build configuration list for PBXProject "Flix" */;
			compatibilityVersion = "Xcode 9.3";
			developmentRegion = en;
			hasScannedForEncodings = 0;
			knownRegions = (
				en,
				Base,
			);
			mainGroup = F6A5B28A23E29DAE00A3AEAF;
			productRefGroup = F6A5B29423E29DAE00A3AEAF /* Products */;
			projectDirPath = "";
			projectRoot = "";
			targets = (
				F6A5B29223E29DAE00A3AEAF /* Flix */,
				F6A5B2A823E29DB300A3AEAF /* FlixTests */,
				F6A5B2B323E29DB300A3AEAF /* FlixUITests */,
			);
		};
/* End PBXProject section */

/* Begin PBXResourcesBuildPhase section */
		F6A5B29123E29DAE00A3AEAF /* Resources */ = {
			isa = PBXResourcesBuildPhase;
			buildActionMask = 2147483647;
			files = (
				F6A5B2A323E29DB300A3AEAF /* LaunchScreen.storyboard in Resources */,
				F6A5B2A023E29DB300A3AEAF /* Assets.xcassets in Resources */,
				F6A5B29E23E29DAE00A3AEAF /* Main.storyboard in Resources */,
			);
			runOnlyForDeploymentPostprocessing = 0;
		};
		F6A5B2A723E29DB300A3AEAF /* Resources */ = {
			isa = PBXResourcesBuildPhase;
			buildActionMask = 2147483647;
			files = (
			);
			runOnlyForDeploymentPostprocessing = 0;
		};
		F6A5B2B223E29DB300A3AEAF /* Resources */ = {
			isa = PBXResourcesBuildPhase;
			buildActionMask = 2147483647;
			files = (
			);
			runOnlyForDeploymentPostprocessing = 0;
		};
/* End PBXResourcesBuildPhase section */

/* Begin PBXShellScriptBuildPhase section */
		177FE4A8A31C601056B30AC5 /* [CP] Check Pods Manifest.lock */ = {
			isa = PBXShellScriptBuildPhase;
			buildActionMask = 2147483647;
			files = (
			);
			inputFileListPaths = (
			);
			inputPaths = (
				"${PODS_PODFILE_DIR_PATH}/Podfile.lock",
				"${PODS_ROOT}/Manifest.lock",
			);
			name = "[CP] Check Pods Manifest.lock";
			outputFileListPaths = (
			);
			outputPaths = (
				"$(DERIVED_FILE_DIR)/Pods-Flix-checkManifestLockResult.txt",
			);
			runOnlyForDeploymentPostprocessing = 0;
			shellPath = /bin/sh;
			shellScript = "diff \"${PODS_PODFILE_DIR_PATH}/Podfile.lock\" \"${PODS_ROOT}/Manifest.lock\" > /dev/null\nif [ $? != 0 ] ; then\n    # print error to STDERR\n    echo \"error: The sandbox is not in sync with the Podfile.lock. Run 'pod install' or update your CocoaPods installation.\" >&2\n    exit 1\nfi\n# This output is used by Xcode 'outputs' to avoid re-running this script phase.\necho \"SUCCESS\" > \"${SCRIPT_OUTPUT_FILE_0}\"\n";
			showEnvVarsInLog = 0;
		};
		17BC5BAA89576D306AAE1DF8 /* [CP] Check Pods Manifest.lock */ = {
			isa = PBXShellScriptBuildPhase;
			buildActionMask = 2147483647;
			files = (
			);
			inputFileListPaths = (
			);
			inputPaths = (
				"${PODS_PODFILE_DIR_PATH}/Podfile.lock",
				"${PODS_ROOT}/Manifest.lock",
			);
			name = "[CP] Check Pods Manifest.lock";
			outputFileListPaths = (
			);
			outputPaths = (
				"$(DERIVED_FILE_DIR)/Pods-FlixTests-checkManifestLockResult.txt",
			);
			runOnlyForDeploymentPostprocessing = 0;
			shellPath = /bin/sh;
			shellScript = "diff \"${PODS_PODFILE_DIR_PATH}/Podfile.lock\" \"${PODS_ROOT}/Manifest.lock\" > /dev/null\nif [ $? != 0 ] ; then\n    # print error to STDERR\n    echo \"error: The sandbox is not in sync with the Podfile.lock. Run 'pod install' or update your CocoaPods installation.\" >&2\n    exit 1\nfi\n# This output is used by Xcode 'outputs' to avoid re-running this script phase.\necho \"SUCCESS\" > \"${SCRIPT_OUTPUT_FILE_0}\"\n";
			showEnvVarsInLog = 0;
		};
		8A857487AA6F8B0F20294BE1 /* [CP] Check Pods Manifest.lock */ = {
			isa = PBXShellScriptBuildPhase;
			buildActionMask = 2147483647;
			files = (
			);
			inputFileListPaths = (
			);
			inputPaths = (
				"${PODS_PODFILE_DIR_PATH}/Podfile.lock",
				"${PODS_ROOT}/Manifest.lock",
			);
			name = "[CP] Check Pods Manifest.lock";
			outputFileListPaths = (
			);
			outputPaths = (
				"$(DERIVED_FILE_DIR)/Pods-Flix-FlixUITests-checkManifestLockResult.txt",
			);
			runOnlyForDeploymentPostprocessing = 0;
			shellPath = /bin/sh;
			shellScript = "diff \"${PODS_PODFILE_DIR_PATH}/Podfile.lock\" \"${PODS_ROOT}/Manifest.lock\" > /dev/null\nif [ $? != 0 ] ; then\n    # print error to STDERR\n    echo \"error: The sandbox is not in sync with the Podfile.lock. Run 'pod install' or update your CocoaPods installation.\" >&2\n    exit 1\nfi\n# This output is used by Xcode 'outputs' to avoid re-running this script phase.\necho \"SUCCESS\" > \"${SCRIPT_OUTPUT_FILE_0}\"\n";
			showEnvVarsInLog = 0;
		};
		A827717D43109426D1D9AE51 /* [CP] Embed Pods Frameworks */ = {
			isa = PBXShellScriptBuildPhase;
			buildActionMask = 2147483647;
			files = (
			);
			inputFileListPaths = (
				"${PODS_ROOT}/Target Support Files/Pods-Flix-FlixUITests/Pods-Flix-FlixUITests-frameworks-${CONFIGURATION}-input-files.xcfilelist",
			);
			name = "[CP] Embed Pods Frameworks";
			outputFileListPaths = (
				"${PODS_ROOT}/Target Support Files/Pods-Flix-FlixUITests/Pods-Flix-FlixUITests-frameworks-${CONFIGURATION}-output-files.xcfilelist",
			);
			runOnlyForDeploymentPostprocessing = 0;
			shellPath = /bin/sh;
			shellScript = "\"${PODS_ROOT}/Target Support Files/Pods-Flix-FlixUITests/Pods-Flix-FlixUITests-frameworks.sh\"\n";
			showEnvVarsInLog = 0;
		};
		F579A3588834DC4F2A9E320B /* [CP] Embed Pods Frameworks */ = {
			isa = PBXShellScriptBuildPhase;
			buildActionMask = 2147483647;
			files = (
			);
			inputFileListPaths = (
				"${PODS_ROOT}/Target Support Files/Pods-Flix/Pods-Flix-frameworks-${CONFIGURATION}-input-files.xcfilelist",
			);
			name = "[CP] Embed Pods Frameworks";
			outputFileListPaths = (
				"${PODS_ROOT}/Target Support Files/Pods-Flix/Pods-Flix-frameworks-${CONFIGURATION}-output-files.xcfilelist",
			);
			runOnlyForDeploymentPostprocessing = 0;
			shellPath = /bin/sh;
			shellScript = "\"${PODS_ROOT}/Target Support Files/Pods-Flix/Pods-Flix-frameworks.sh\"\n";
			showEnvVarsInLog = 0;
		};
/* End PBXShellScriptBuildPhase section */

/* Begin PBXSourcesBuildPhase section */
		F6A5B28F23E29DAE00A3AEAF /* Sources */ = {
			isa = PBXSourcesBuildPhase;
			buildActionMask = 2147483647;
			files = (
				F6A5B29723E29DAE00A3AEAF /* AppDelegate.swift in Sources */,
				F6A5B29923E29DAE00A3AEAF /* SceneDelegate.swift in Sources */,
				F6A5B2CB23E3D3E600A3AEAF /* MovieCell.swift in Sources */,
				F6A5B2C723E3BCCC00A3AEAF /* MoviesViewController.swift in Sources */,
			);
			runOnlyForDeploymentPostprocessing = 0;
		};
		F6A5B2A523E29DB300A3AEAF /* Sources */ = {
			isa = PBXSourcesBuildPhase;
			buildActionMask = 2147483647;
			files = (
				F6A5B2AE23E29DB300A3AEAF /* FlixTests.swift in Sources */,
			);
			runOnlyForDeploymentPostprocessing = 0;
		};
		F6A5B2B023E29DB300A3AEAF /* Sources */ = {
			isa = PBXSourcesBuildPhase;
			buildActionMask = 2147483647;
			files = (
				F6A5B2B923E29DB300A3AEAF /* FlixUITests.swift in Sources */,
			);
			runOnlyForDeploymentPostprocessing = 0;
		};
/* End PBXSourcesBuildPhase section */

/* Begin PBXTargetDependency section */
		F6A5B2AB23E29DB300A3AEAF /* PBXTargetDependency */ = {
			isa = PBXTargetDependency;
			target = F6A5B29223E29DAE00A3AEAF /* Flix */;
			targetProxy = F6A5B2AA23E29DB300A3AEAF /* PBXContainerItemProxy */;
		};
		F6A5B2B623E29DB300A3AEAF /* PBXTargetDependency */ = {
			isa = PBXTargetDependency;
			target = F6A5B29223E29DAE00A3AEAF /* Flix */;
			targetProxy = F6A5B2B523E29DB300A3AEAF /* PBXContainerItemProxy */;
		};
/* End PBXTargetDependency section */

/* Begin PBXVariantGroup section */
		F6A5B29C23E29DAE00A3AEAF /* Main.storyboard */ = {
			isa = PBXVariantGroup;
			children = (
				F6A5B29D23E29DAE00A3AEAF /* Base */,
			);
			name = Main.storyboard;
			sourceTree = "<group>";
		};
		F6A5B2A123E29DB300A3AEAF /* LaunchScreen.storyboard */ = {
			isa = PBXVariantGroup;
			children = (
				F6A5B2A223E29DB300A3AEAF /* Base */,
			);
			name = LaunchScreen.storyboard;
			sourceTree = "<group>";
		};
/* End PBXVariantGroup section */

/* Begin XCBuildConfiguration section */
		F6A5B2BB23E29DB300A3AEAF /* Debug */ = {
			isa = XCBuildConfiguration;
			buildSettings = {
				ALWAYS_SEARCH_USER_PATHS = NO;
				CLANG_ANALYZER_NONNULL = YES;
				CLANG_ANALYZER_NUMBER_OBJECT_CONVERSION = YES_AGGRESSIVE;
				CLANG_CXX_LANGUAGE_STANDARD = "gnu++14";
				CLANG_CXX_LIBRARY = "libc++";
				CLANG_ENABLE_MODULES = YES;
				CLANG_ENABLE_OBJC_ARC = YES;
				CLANG_ENABLE_OBJC_WEAK = YES;
				CLANG_WARN_BLOCK_CAPTURE_AUTORELEASING = YES;
				CLANG_WARN_BOOL_CONVERSION = YES;
				CLANG_WARN_COMMA = YES;
				CLANG_WARN_CONSTANT_CONVERSION = YES;
				CLANG_WARN_DEPRECATED_OBJC_IMPLEMENTATIONS = YES;
				CLANG_WARN_DIRECT_OBJC_ISA_USAGE = YES_ERROR;
				CLANG_WARN_DOCUMENTATION_COMMENTS = YES;
				CLANG_WARN_EMPTY_BODY = YES;
				CLANG_WARN_ENUM_CONVERSION = YES;
				CLANG_WARN_INFINITE_RECURSION = YES;
				CLANG_WARN_INT_CONVERSION = YES;
				CLANG_WARN_NON_LITERAL_NULL_CONVERSION = YES;
				CLANG_WARN_OBJC_IMPLICIT_RETAIN_SELF = YES;
				CLANG_WARN_OBJC_LITERAL_CONVERSION = YES;
				CLANG_WARN_OBJC_ROOT_CLASS = YES_ERROR;
				CLANG_WARN_RANGE_LOOP_ANALYSIS = YES;
				CLANG_WARN_STRICT_PROTOTYPES = YES;
				CLANG_WARN_SUSPICIOUS_MOVE = YES;
				CLANG_WARN_UNGUARDED_AVAILABILITY = YES_AGGRESSIVE;
				CLANG_WARN_UNREACHABLE_CODE = YES;
				CLANG_WARN__DUPLICATE_METHOD_MATCH = YES;
				COPY_PHASE_STRIP = NO;
				DEBUG_INFORMATION_FORMAT = dwarf;
				ENABLE_STRICT_OBJC_MSGSEND = YES;
				ENABLE_TESTABILITY = YES;
				GCC_C_LANGUAGE_STANDARD = gnu11;
				GCC_DYNAMIC_NO_PIC = NO;
				GCC_NO_COMMON_BLOCKS = YES;
				GCC_OPTIMIZATION_LEVEL = 0;
				GCC_PREPROCESSOR_DEFINITIONS = (
					"DEBUG=1",
					"$(inherited)",
				);
				GCC_WARN_64_TO_32_BIT_CONVERSION = YES;
				GCC_WARN_ABOUT_RETURN_TYPE = YES_ERROR;
				GCC_WARN_UNDECLARED_SELECTOR = YES;
				GCC_WARN_UNINITIALIZED_AUTOS = YES_AGGRESSIVE;
				GCC_WARN_UNUSED_FUNCTION = YES;
				GCC_WARN_UNUSED_VARIABLE = YES;
				IPHONEOS_DEPLOYMENT_TARGET = 13.2;
				MTL_ENABLE_DEBUG_INFO = INCLUDE_SOURCE;
				MTL_FAST_MATH = YES;
				ONLY_ACTIVE_ARCH = YES;
				SDKROOT = iphoneos;
				SWIFT_ACTIVE_COMPILATION_CONDITIONS = DEBUG;
				SWIFT_OPTIMIZATION_LEVEL = "-Onone";
			};
			name = Debug;
		};
		F6A5B2BC23E29DB300A3AEAF /* Release */ = {
			isa = XCBuildConfiguration;
			buildSettings = {
				ALWAYS_SEARCH_USER_PATHS = NO;
				CLANG_ANALYZER_NONNULL = YES;
				CLANG_ANALYZER_NUMBER_OBJECT_CONVERSION = YES_AGGRESSIVE;
				CLANG_CXX_LANGUAGE_STANDARD = "gnu++14";
				CLANG_CXX_LIBRARY = "libc++";
				CLANG_ENABLE_MODULES = YES;
				CLANG_ENABLE_OBJC_ARC = YES;
				CLANG_ENABLE_OBJC_WEAK = YES;
				CLANG_WARN_BLOCK_CAPTURE_AUTORELEASING = YES;
				CLANG_WARN_BOOL_CONVERSION = YES;
				CLANG_WARN_COMMA = YES;
				CLANG_WARN_CONSTANT_CONVERSION = YES;
				CLANG_WARN_DEPRECATED_OBJC_IMPLEMENTATIONS = YES;
				CLANG_WARN_DIRECT_OBJC_ISA_USAGE = YES_ERROR;
				CLANG_WARN_DOCUMENTATION_COMMENTS = YES;
				CLANG_WARN_EMPTY_BODY = YES;
				CLANG_WARN_ENUM_CONVERSION = YES;
				CLANG_WARN_INFINITE_RECURSION = YES;
				CLANG_WARN_INT_CONVERSION = YES;
				CLANG_WARN_NON_LITERAL_NULL_CONVERSION = YES;
				CLANG_WARN_OBJC_IMPLICIT_RETAIN_SELF = YES;
				CLANG_WARN_OBJC_LITERAL_CONVERSION = YES;
				CLANG_WARN_OBJC_ROOT_CLASS = YES_ERROR;
				CLANG_WARN_RANGE_LOOP_ANALYSIS = YES;
				CLANG_WARN_STRICT_PROTOTYPES = YES;
				CLANG_WARN_SUSPICIOUS_MOVE = YES;
				CLANG_WARN_UNGUARDED_AVAILABILITY = YES_AGGRESSIVE;
				CLANG_WARN_UNREACHABLE_CODE = YES;
				CLANG_WARN__DUPLICATE_METHOD_MATCH = YES;
				COPY_PHASE_STRIP = NO;
				DEBUG_INFORMATION_FORMAT = "dwarf-with-dsym";
				ENABLE_NS_ASSERTIONS = NO;
				ENABLE_STRICT_OBJC_MSGSEND = YES;
				GCC_C_LANGUAGE_STANDARD = gnu11;
				GCC_NO_COMMON_BLOCKS = YES;
				GCC_WARN_64_TO_32_BIT_CONVERSION = YES;
				GCC_WARN_ABOUT_RETURN_TYPE = YES_ERROR;
				GCC_WARN_UNDECLARED_SELECTOR = YES;
				GCC_WARN_UNINITIALIZED_AUTOS = YES_AGGRESSIVE;
				GCC_WARN_UNUSED_FUNCTION = YES;
				GCC_WARN_UNUSED_VARIABLE = YES;
				IPHONEOS_DEPLOYMENT_TARGET = 13.2;
				MTL_ENABLE_DEBUG_INFO = NO;
				MTL_FAST_MATH = YES;
				SDKROOT = iphoneos;
				SWIFT_COMPILATION_MODE = wholemodule;
				SWIFT_OPTIMIZATION_LEVEL = "-O";
				VALIDATE_PRODUCT = YES;
			};
			name = Release;
		};
		F6A5B2BE23E29DB300A3AEAF /* Debug */ = {
			isa = XCBuildConfiguration;
			baseConfigurationReference = 63DBB795104C36FDAC57216F /* Pods-Flix.debug.xcconfig */;
			buildSettings = {
				ASSETCATALOG_COMPILER_APPICON_NAME = AppIcon;
				CODE_SIGN_STYLE = Automatic;
				INFOPLIST_FILE = Flix/Info.plist;
				LD_RUNPATH_SEARCH_PATHS = (
					"$(inherited)",
					"@executable_path/Frameworks",
				);
				PRODUCT_BUNDLE_IDENTIFIER = Flix.com.Flix;
				PRODUCT_NAME = "$(TARGET_NAME)";
				SWIFT_VERSION = 5.0;
				TARGETED_DEVICE_FAMILY = "1,2";
			};
			name = Debug;
		};
		F6A5B2BF23E29DB300A3AEAF /* Release */ = {
			isa = XCBuildConfiguration;
			baseConfigurationReference = 32D964A67CB9420E042E8E88 /* Pods-Flix.release.xcconfig */;
			buildSettings = {
				ASSETCATALOG_COMPILER_APPICON_NAME = AppIcon;
				CODE_SIGN_STYLE = Automatic;
				INFOPLIST_FILE = Flix/Info.plist;
				LD_RUNPATH_SEARCH_PATHS = (
					"$(inherited)",
					"@executable_path/Frameworks",
				);
				PRODUCT_BUNDLE_IDENTIFIER = Flix.com.Flix;
				PRODUCT_NAME = "$(TARGET_NAME)";
				SWIFT_VERSION = 5.0;
				TARGETED_DEVICE_FAMILY = "1,2";
			};
			name = Release;
		};
		F6A5B2C123E29DB300A3AEAF /* Debug */ = {
			isa = XCBuildConfiguration;
			baseConfigurationReference = 69D93D999BDAFA5108D0BBB9 /* Pods-FlixTests.debug.xcconfig */;
			buildSettings = {
				ALWAYS_EMBED_SWIFT_STANDARD_LIBRARIES = YES;
				BUNDLE_LOADER = "$(TEST_HOST)";
				CODE_SIGN_STYLE = Automatic;
				INFOPLIST_FILE = FlixTests/Info.plist;
				IPHONEOS_DEPLOYMENT_TARGET = 13.2;
				LD_RUNPATH_SEARCH_PATHS = (
					"$(inherited)",
					"@executable_path/Frameworks",
					"@loader_path/Frameworks",
				);
				PRODUCT_BUNDLE_IDENTIFIER = Flix.com.FlixTests;
				PRODUCT_NAME = "$(TARGET_NAME)";
				SWIFT_VERSION = 5.0;
				TARGETED_DEVICE_FAMILY = "1,2";
				TEST_HOST = "$(BUILT_PRODUCTS_DIR)/Flix.app/Flix";
			};
			name = Debug;
		};
		F6A5B2C223E29DB300A3AEAF /* Release */ = {
			isa = XCBuildConfiguration;
			baseConfigurationReference = F0B2293E4BA7B49DE447BF70 /* Pods-FlixTests.release.xcconfig */;
			buildSettings = {
				ALWAYS_EMBED_SWIFT_STANDARD_LIBRARIES = YES;
				BUNDLE_LOADER = "$(TEST_HOST)";
				CODE_SIGN_STYLE = Automatic;
				INFOPLIST_FILE = FlixTests/Info.plist;
				IPHONEOS_DEPLOYMENT_TARGET = 13.2;
				LD_RUNPATH_SEARCH_PATHS = (
					"$(inherited)",
					"@executable_path/Frameworks",
					"@loader_path/Frameworks",
				);
				PRODUCT_BUNDLE_IDENTIFIER = Flix.com.FlixTests;
				PRODUCT_NAME = "$(TARGET_NAME)";
				SWIFT_VERSION = 5.0;
				TARGETED_DEVICE_FAMILY = "1,2";
				TEST_HOST = "$(BUILT_PRODUCTS_DIR)/Flix.app/Flix";
			};
			name = Release;
		};
		F6A5B2C423E29DB300A3AEAF /* Debug */ = {
			isa = XCBuildConfiguration;
			baseConfigurationReference = C74AF34EB635B90A1E42BF4B /* Pods-Flix-FlixUITests.debug.xcconfig */;
			buildSettings = {
				ALWAYS_EMBED_SWIFT_STANDARD_LIBRARIES = YES;
				CODE_SIGN_STYLE = Automatic;
				INFOPLIST_FILE = FlixUITests/Info.plist;
				LD_RUNPATH_SEARCH_PATHS = (
					"$(inherited)",
					"@executable_path/Frameworks",
					"@loader_path/Frameworks",
				);
				PRODUCT_BUNDLE_IDENTIFIER = Flix.com.FlixUITests;
				PRODUCT_NAME = "$(TARGET_NAME)";
				SWIFT_VERSION = 5.0;
				TARGETED_DEVICE_FAMILY = "1,2";
				TEST_TARGET_NAME = Flix;
			};
			name = Debug;
		};
		F6A5B2C523E29DB300A3AEAF /* Release */ = {
			isa = XCBuildConfiguration;
			baseConfigurationReference = 2FEA02C0C6E97CA39EE04F16 /* Pods-Flix-FlixUITests.release.xcconfig */;
			buildSettings = {
				ALWAYS_EMBED_SWIFT_STANDARD_LIBRARIES = YES;
				CODE_SIGN_STYLE = Automatic;
				INFOPLIST_FILE = FlixUITests/Info.plist;
				LD_RUNPATH_SEARCH_PATHS = (
					"$(inherited)",
					"@executable_path/Frameworks",
					"@loader_path/Frameworks",
				);
				PRODUCT_BUNDLE_IDENTIFIER = Flix.com.FlixUITests;
				PRODUCT_NAME = "$(TARGET_NAME)";
				SWIFT_VERSION = 5.0;
				TARGETED_DEVICE_FAMILY = "1,2";
				TEST_TARGET_NAME = Flix;
			};
			name = Release;
		};
/* End XCBuildConfiguration section */

/* Begin XCConfigurationList section */
		F6A5B28E23E29DAE00A3AEAF /* Build configuration list for PBXProject "Flix" */ = {
			isa = XCConfigurationList;
			buildConfigurations = (
				F6A5B2BB23E29DB300A3AEAF /* Debug */,
				F6A5B2BC23E29DB300A3AEAF /* Release */,
			);
			defaultConfigurationIsVisible = 0;
			defaultConfigurationName = Release;
		};
		F6A5B2BD23E29DB300A3AEAF /* Build configuration list for PBXNativeTarget "Flix" */ = {
			isa = XCConfigurationList;
			buildConfigurations = (
				F6A5B2BE23E29DB300A3AEAF /* Debug */,
				F6A5B2BF23E29DB300A3AEAF /* Release */,
			);
			defaultConfigurationIsVisible = 0;
			defaultConfigurationName = Release;
		};
		F6A5B2C023E29DB300A3AEAF /* Build configuration list for PBXNativeTarget "FlixTests" */ = {
			isa = XCConfigurationList;
			buildConfigurations = (
				F6A5B2C123E29DB300A3AEAF /* Debug */,
				F6A5B2C223E29DB300A3AEAF /* Release */,
			);
			defaultConfigurationIsVisible = 0;
			defaultConfigurationName = Release;
		};
		F6A5B2C323E29DB300A3AEAF /* Build configuration list for PBXNativeTarget "FlixUITests" */ = {
			isa = XCConfigurationList;
			buildConfigurations = (
				F6A5B2C423E29DB300A3AEAF /* Debug */,
				F6A5B2C523E29DB300A3AEAF /* Release */,
			);
			defaultConfigurationIsVisible = 0;
			defaultConfigurationName = Release;
		};
/* End XCConfigurationList section */
	};
	rootObject = F6A5B28B23E29DAE00A3AEAF /* Project object */;
}
